{
  "nodes": {
    "brew-src": {
      "flake": false,
      "locked": {
        "lastModified": 1769363988,
        "narHash": "sha256-BiGPeulrDVetXP+tjxhMcGLUROZAtZIhU5m4MqawCfM=",
        "owner": "Homebrew",
        "repo": "brew",
        "rev": "d01011cac6d72032c75fd2cd9489909e95d9faf2",
        "type": "github"
      },
      "original": {
        "owner": "Homebrew",
        "ref": "5.0.12",
        "repo": "brew",
        "type": "github"
      }
    },
    "catppuccin": {
      "inputs": {
        "nixpkgs": "nixpkgs"
      },
      "locked": {
        "lastModified": 1772983749,
        "narHash": "sha256-IRC/YpTVMDr/lMmWMEc+JU4d+L9z3v38jZuj0jSLaW0=",
        "owner": "catppuccin",
        "repo": "nix",
        "rev": "3594e4c94994515e0e32884dad20ca70ae88fc49",
        "type": "github"
      },
      "original": {
        "owner": "catppuccin",
        "repo": "nix",
        "type": "github"
      }
    },
    "darwin": {
      "inputs": {
        "nixpkgs": [
          "nixpkgs"
        ]
      },
      "locked": {
        "lastModified": 1772129556,
        "narHash": "sha256-Utk0zd8STPsUJPyjabhzPc5BpPodLTXrwkpXBHYnpeg=",
        "owner": "lnl7",
        "repo": "nix-darwin",
        "rev": "ebec37af18215214173c98cf6356d0aca24a2585",
        "type": "github"
      },
      "original": {
        "owner": "lnl7",
        "ref": "nix-darwin-25.11",
        "repo": "nix-darwin",
        "type": "github"
      }
    },
    "home-manager": {
      "inputs": {
        "nixpkgs": [
          "nixpkgs"
        ]
      },
      "locked": {
        "lastModified": 1772633058,
        "narHash": "sha256-SO7JapRy2HPhgmqiLbfnW1kMx5rakPMKZ9z3wtRLQjI=",
        "owner": "nix-community",
        "repo": "home-manager",
        "rev": "080657a04188aca25f8a6c70a0fb2ea7e37f1865",
        "type": "github"
      },
      "original": {
        "owner": "nix-community",
        "ref": "release-25.11",
        "repo": "home-manager",
        "type": "github"
      }
    },
    "homebrew-cask": {
      "flake": false,
      "locked": {
        "lastModified": 1772975419,
        "narHash": "sha256-RjuekMHUMXW0jbpvbf9inCgOKGhby/3L8GH/fuCgowI=",
        "owner": "homebrew",
        "repo": "homebrew-cask",
        "rev": "74f7483ebc330524ac268f84d84ad2723cd252e9",
        "type": "github"
      },
      "original": {
        "owner": "homebrew",
        "repo": "homebrew-cask",
        "type": "github"
      }
    },
    "homebrew-core": {
      "flake": false,
      "locked": {
        "lastModified": 1772983577,
        "narHash": "sha256-cwn7l7AZktjzvznW/8fOeIqOd3XgmeS8YwYdrL1q9zE=",
        "owner": "homebrew",
        "repo": "homebrew-core",
        "rev": "4983ae79dd89923aa8e4d676a07f3dfd579013e9",
        "type": "github"
      },
      "original": {
        "owner": "homebrew",
        "repo": "homebrew-core",
        "type": "github"
      }
    },
    "nix-homebrew": {
      "inputs": {
        "brew-src": "brew-src"
      },
      "locked": {
        "lastModified": 1769437432,
        "narHash": "sha256-8d7KnCpT2LweRvSzZYEGd9IM3eFX+A78opcnDM0+ndk=",
        "owner": "zhaofengli",
        "repo": "nix-homebrew",
        "rev": "a5409abd0d5013d79775d3419bcac10eacb9d8c5",
        "type": "github"
      },
      "original": {
        "owner": "zhaofengli",
        "repo": "nix-homebrew",
        "type": "github"
      }
    },
    "nixpkgs": {
      "locked": {
        "lastModified": 1772773019,
        "narHash": "sha256-E1bxHxNKfDoQUuvriG71+f+s/NT0qWkImXsYZNFFfCs=",
        "owner": "NixOS",
        "repo": "nixpkgs",
        "rev": "aca4d95fce4914b3892661bcb80b8087293536c6",
        "type": "github"
      },
      "original": {
        "owner": "NixOS",
        "ref": "nixos-unstable",
        "repo": "nixpkgs",
        "type": "github"
      }
    },
    "nixpkgs_2": {
      "locked": {
        "lastModified": 1772822230,
        "narHash": "sha256-yf3iYLGbGVlIthlQIk5/4/EQDZNNEmuqKZkQssMljuw=",
        "owner": "nixos",
        "repo": "nixpkgs",
        "rev": "71caefce12ba78d84fe618cf61644dce01cf3a96",
        "type": "github"
      },
      "original": {
        "owner": "nixos",
        "ref": "nixos-25.11",
        "repo": "nixpkgs",
        "type": "github"
      }
    },
    "root": {
      "inputs": {
        "catppuccin": "catppuccin",
        "darwin": "darwin",
        "home-manager": "home-manager",
        "homebrew-cask": "homebrew-cask",
        "homebrew-core": "homebrew-core",
        "nix-homebrew": "nix-homebrew",
        "nixpkgs": "nixpkgs_2",
        "sops-nix": "sops-nix",
        "updatest-tap": "updatest-tap"
      }
    },
    "sops-nix": {
      "inputs": {
        "nixpkgs": [
          "nixpkgs"
        ]
      },
      "locked": {
        "lastModified": 1772944399,
        "narHash": "sha256-xTzsSd3r5HBeufSZ3fszAn0ldfKctvsYG7tT2YJg5gY=",
        "owner": "mic92",
        "repo": "sops-nix",
        "rev": "c8e69670b316d6788e435a3aa0bda74eb1b82cc0",
        "type": "github"
      },
      "original": {
        "owner": "mic92",
        "repo": "sops-nix",
        "type": "github"
      }
    },
    "updatest-tap": {
      "flake": false,
      "locked": {
        "lastModified": 1772800768,
        "narHash": "sha256-/gGK0H/nHJ2BPIuBxsXQbDBXvJQ7OAZMXB1LRAb7W7U=",
        "owner": "updatest",
        "repo": "tap",
        "rev": "3bd274c049850d46e235c0922f54b504740f08c7",
        "type": "github"
      },
      "original": {
        "owner": "updatest",
        "repo": "tap",
        "type": "github"
      }
    }
  },
  "root": "root",
  "version": 7
}
